{
    "_readme": [
        "This file locks the dependencies of your project to a known state",
        "Read more about it at https://getcomposer.org/doc/01-basic-usage.md#installing-dependencies",
        "This file is @generated automatically"
    ],
    "content-hash": "c1860d4d494883b8314603615fa959c0",
    "packages": [
        {
            "name": "jakoch/phantomjs-installer",
            "version": "3.0.1",
            "source": {
                "type": "git",
                "url": "https://github.com/jakoch/phantomjs-installer.git",
                "reference": "4ba2bc95dd442fd4ad9159c45882aa372bbb51cd"
            },
            "dist": {
                "type": "zip",
                "url": "https://api.github.com/repos/jakoch/phantomjs-installer/zipball/4ba2bc95dd442fd4ad9159c45882aa372bbb51cd",
                "reference": "4ba2bc95dd442fd4ad9159c45882aa372bbb51cd",
                "shasum": ""
            },
            "require": {
                "ext-bz2": "*",
                "ext-openssl": "*",
                "php": ">5.3"
            },
            "require-dev": {
                "composer/composer": "^1.2",
                "phpunit/phpunit": "^8"
            },
            "type": "custom-installer",
            "autoload": {
                "psr-0": {
                    "PhantomInstaller\\": "src/"
                },
                "psr-4": {
                    "PhantomInstaller\\Test\\": "tests/"
                }
            },
            "notification-url": "https://packagist.org/downloads/",
            "license": [
                "MIT"
            ],
            "authors": [
                {
                    "name": "Jens-André Koch",
                    "email": "jakoch@web.de"
                }
            ],
            "description": "A Composer package which installs the PhantomJS binary (Linux, Windows, Mac) into `/bin` of your project.",
            "keywords": [
                "binaries",
                "headless",
                "phantomjs"
            ],
            "support": {
                "issues": "https://github.com/jakoch/phantomjs-installer/issues",
                "source": "https://github.com/jakoch/phantomjs-installer/tree/3.0.1"
            },
            "time": "2021-09-03T18:54:42+00:00"
        },
        {
            "name": "jerome-breton/casperjs-installer",
            "version": "dev-master",
            "source": {
                "type": "git",
                "url": "https://github.com/jerome-breton/casperjs-installer.git",
                "reference": "4a5c0c03480f824038424cbd9f35233a20de4186"
            },
            "dist": {
                "type": "zip",
                "url": "https://api.github.com/repos/jerome-breton/casperjs-installer/zipball/4a5c0c03480f824038424cbd9f35233a20de4186",
                "reference": "4a5c0c03480f824038424cbd9f35233a20de4186",
                "shasum": ""
            },
            "require": {
                "ext-openssl": "*",
                "jakoch/phantomjs-installer": "*"
            },
            "default-branch": true,
            "type": "custom-installer",
            "autoload": {
                "psr-0": {
                    "CasperJsInstaller\\": "src/"
                }
            },
            "notification-url": "https://packagist.org/downloads/",
            "license": [
                "MIT"
            ],
            "authors": [
                {
                    "name": "Jérôme Breton",
                    "email": "jerome.breton@gmail.com"
                }
            ],
            "description": "A Composer package which installs the CasperJS binary for your project.",
            "keywords": [
                "binaries",
                "casperJs",
                "headless",
                "phantomjs"
            ],
            "support": {
                "issues": "https://github.com/jerome-breton/casperjs-installer/issues",
                "source": "https://github.com/jerome-breton/casperjs-installer/tree/master"
            },
            "time": "2022-01-27T14:10:21+00:00"
        },
        {
            "name": "phpcasperjs/phpcasperjs",
            "version": "v1.3.3",
            "source": {
                "type": "git",
                "url": "https://github.com/alwex/php-casperjs.git",
                "reference": "5a0f2fbbae1e0f31b12876fa1758f942dc4b01c2"
            },
            "dist": {
                "type": "zip",
                "url": "https://api.github.com/repos/alwex/php-casperjs/zipball/5a0f2fbbae1e0f31b12876fa1758f942dc4b01c2",
                "reference": "5a0f2fbbae1e0f31b12876fa1758f942dc4b01c2",
                "shasum": ""
            },
            "require": {
                "php": ">=5.3.0"
            },
            "require-dev": {
                "phpunit/phpunit": "4.*",
                "squizlabs/php_codesniffer": "2.*"
            },
            "type": "library",
            "autoload": {
                "psr-4": {
                    "Browser\\": "src/"
                }
            },
            "notification-url": "https://packagist.org/downloads/",
            "license": [
                "MIT"
            ],
            "authors": [
                {
                    "name": "GUIDET Alexandre",
                    "email": "alwex@free.fr"
                }
            ],
            "description": "Simple PHP wrapper for CasperJS",
            "homepage": "https://github.com/alwex/php-casperjs",
            "keywords": [
                "browser",
                "phpunit",
                "test"
            ],
            "support": {
                "issues": "https://github.com/alwex/php-casperjs/issues",
                "source": "https://github.com/alwex/php-casperjs/tree/v1.3.3"
            },
            "time": "2017-04-04T03:15:58+00:00"
        },
        {
            "name": "phpmailer/phpmailer",
            "version": "v6.9.3",
            "source": {
                "type": "git",
                "url": "https://github.com/PHPMailer/PHPMailer.git",
                "reference": "2f5c94fe7493efc213f643c23b1b1c249d40f47e"
            },
            "dist": {
                "type": "zip",
                "url": "https://api.github.com/repos/PHPMailer/PHPMailer/zipball/2f5c94fe7493efc213f643c23b1b1c249d40f47e",
                "reference": "2f5c94fe7493efc213f643c23b1b1c249d40f47e",
                "shasum": ""
            },
            "require": {
                "ext-ctype": "*",
                "ext-filter": "*",
                "ext-hash": "*",
                "php": ">=5.5.0"
            },
            "require-dev": {
                "dealerdirect/phpcodesniffer-composer-installer": "^1.0",
                "doctrine/annotations": "^1.2.6 || ^1.13.3",
                "php-parallel-lint/php-console-highlighter": "^1.0.0",
                "php-parallel-lint/php-parallel-lint": "^1.3.2",
                "phpcompatibility/php-compatibility": "^9.3.5",
                "roave/security-advisories": "dev-latest",
                "squizlabs/php_codesniffer": "^3.7.2",
                "yoast/phpunit-polyfills": "^1.0.4"
            },
            "suggest": {
                "decomplexity/SendOauth2": "Adapter for using XOAUTH2 authentication",
                "ext-mbstring": "Needed to send email in multibyte encoding charset or decode encoded addresses",
                "ext-openssl": "Needed for secure SMTP sending and DKIM signing",
                "greew/oauth2-azure-provider": "Needed for Microsoft Azure XOAUTH2 authentication",
                "hayageek/oauth2-yahoo": "Needed for Yahoo XOAUTH2 authentication",
                "league/oauth2-google": "Needed for Google XOAUTH2 authentication",
                "psr/log": "For optional PSR-3 debug logging",
                "symfony/polyfill-mbstring": "To support UTF-8 if the Mbstring PHP extension is not enabled (^1.2)",
                "thenetworg/oauth2-azure": "Needed for Microsoft XOAUTH2 authentication"
            },
            "type": "library",
            "autoload": {
                "psr-4": {
                    "PHPMailer\\PHPMailer\\": "src/"
                }
            },
            "notification-url": "https://packagist.org/downloads/",
            "license": [
                "LGPL-2.1-only"
            ],
            "authors": [
                {
                    "name": "Marcus Bointon",
                    "email": "phpmailer@synchromedia.co.uk"
                },
                {
                    "name": "Jim Jagielski",
                    "email": "jimjag@gmail.com"
                },
                {
                    "name": "Andy Prevost",
                    "email": "codeworxtech@users.sourceforge.net"
                },
                {
                    "name": "Brent R. Matzelle"
                }
            ],
            "description": "PHPMailer is a full-featured email creation and transfer class for PHP",
            "support": {
                "issues": "https://github.com/PHPMailer/PHPMailer/issues",
                "source": "https://github.com/PHPMailer/PHPMailer/tree/v6.9.3"
            },
            "funding": [
                {
                    "url": "https://github.com/Synchro",
                    "type": "github"
                }
            ],
            "time": "2024-11-24T18:04:13+00:00"
        },
        {
            "name": "sunra/php-simple-html-dom-parser",
            "version": "v1.5.2",
            "source": {
                "type": "git",
                "url": "https://github.com/sunra/php-simple-html-dom-parser.git",
                "reference": "75b9b1cb64502d8f8c04dc11b5906b969af247c6"
            },
            "dist": {
                "type": "zip",
                "url": "https://api.github.com/repos/sunra/php-simple-html-dom-parser/zipball/75b9b1cb64502d8f8c04dc11b5906b969af247c6",
                "reference": "75b9b1cb64502d8f8c04dc11b5906b969af247c6",
                "shasum": ""
            },
            "require": {
                "ext-mbstring": "*",
                "php": ">=5.3.2"
            },
            "type": "library",
            "autoload": {
                "psr-0": {
                    "Sunra\\PhpSimple\\HtmlDomParser": "Src/"
                }
            },
            "notification-url": "https://packagist.org/downloads/",
            "license": [
                "MIT"
            ],
            "authors": [
                {
                    "name": "Sunra",
                    "email": "sunra@yandex.ru",
                    "homepage": "https://github.com/sunra"
                },
                {
                    "name": "S.C. Chen",
                    "homepage": "http://sourceforge.net/projects/simplehtmldom/"
                }
            ],
            "description": "Composer adaptation of: A HTML DOM parser written in PHP5+ let you manipulate HTML in a very easy way! Require PHP 5+. Supports invalid HTML. Find tags on an HTML page with selectors just like jQuery. Extract contents from HTML in a single line.",
            "homepage": "https://github.com/sunra/php-simple-html-dom-parser",
            "keywords": [
                "dom",
                "html",
                "parser"
            ],
            "support": {
                "issues": "https://github.com/sunra/php-simple-html-dom-parser/issues",
                "source": "https://github.com/sunra/php-simple-html-dom-parser/tree/master"
            },
            "time": "2016-11-22T22:57:47+00:00"
        }
    ],
    "packages-dev": [],
    "aliases": [],
    "minimum-stability": "stable",
    "stability-flags": {
        "jerome-breton/casperjs-installer": 20
    },
    "prefer-stable": false,
    "prefer-lowest": false,
    "platform": {},
    "platform-dev": {},
    "plugin-api-version": "2.6.0"
}
